Microsoft Visual Studio Solution File, Format Version 11.00
# Visual Studio 2008

Project("{CA5989A0-83ED-664C-9809-3DB0CEEFDDAD}") = "RRRplanar", "Assembly-CSharp.csproj", "{CDF4B7C0-D604-FC95-494C-10F814A3F611}"
EndProject
Project("{CA5989A0-83ED-664C-9809-3DB0CEEFDDAD}") = "RRRplanar", "Assembly-UnityScript.unityproj", "{2ED4F300-3310-B5E6-737A-A6EADE65C3B5}"
EndProject
Global
	GlobalSection(SolutionConfigurationPlatforms) = preSolution
		Debug|Any CPU = Debug|Any CPU
		Release|Any CPU = Release|Any CPU
	EndGlobalSection
	GlobalSection(ProjectConfigurationPlatforms) = postSolution
		{CDF4B7C0-D604-FC95-494C-10F814A3F611}.Debug|Any CPU.ActiveCfg = Debug|Any CPU
		{CDF4B7C0-D604-FC95-494C-10F814A3F611}.Debug|Any CPU.Build.0 = Debug|Any CPU
		{CDF4B7C0-D604-FC95-494C-10F814A3F611}.Release|Any CPU.ActiveCfg = Release|Any CPU
		{CDF4B7C0-D604-FC95-494C-10F814A3F611}.Release|Any CPU.Build.0 = Release|Any CPU
		{2ED4F300-3310-B5E6-737A-A6EADE65C3B5}.Debug|Any CPU.ActiveCfg = Debug|Any CPU
		{2ED4F300-3310-B5E6-737A-A6EADE65C3B5}.Debug|Any CPU.Build.0 = Debug|Any CPU
		{2ED4F300-3310-B5E6-737A-A6EADE65C3B5}.Release|Any CPU.ActiveCfg = Release|Any CPU
		{2ED4F300-3310-B5E6-737A-A6EADE65C3B5}.Release|Any CPU.Build.0 = Release|Any CPU
	EndGlobalSection
	GlobalSection(SolutionProperties) = preSolution
		HideSolutionNode = FALSE
	EndGlobalSection
																																																						GlobalSection(MonoDevelopProperties) = preSolution
		StartupItem = Assembly-CSharp.csproj
		Policies = $0
		$0.TextStylePolicy = $1
		$1.inheritsSet = null
		$1.scope = text/x-csharp
		$0.CSharpFormattingPolicy = $2
		$2.inheritsSet = Mono
		$2.inheritsScope = text/x-csharp
		$2.scope = text/x-csharp
		$0.TextStylePolicy = $3
		$3.FileWidth = 120
		$3.TabWidth = 4
		$3.IndentWidth = 4
		$3.EolMarker = Unix
		$3.inheritsSet = Mono
		$3.inheritsScope = text/plain
		$3.scope = text/plain
	EndGlobalSection

EndGlobal
